// !$*UTF8*$!
{
	archiveVersion = 1;
	classes = {
	};
	objectVersion = 48;
	objects = {

/* Begin PBXBuildFile section */
		955187562037AD4D004926D4 /* main.m in Sources */ = {isa = PBXBuildFile; fileRef = 955187552037AD4D004926D4 /* main.m */; };
		95B5CA3F2038C96E006990C0 /* NSString+PigLatinizer.m in Sources */ = {isa = PBXBuildFile; fileRef = 95B5CA3E2038C96E006990C0 /* NSString+PigLatinizer.m */; };
		95B5CA4220390029006990C0 /* WordParser.m in Sources */ = {isa = PBXBuildFile; fileRef = 95B5CA4120390029006990C0 /* WordParser.m */; };
		95B5CA4520390035006990C0 /* StringDeconstructor.m in Sources */ = {isa = PBXBuildFile; fileRef = 95B5CA4420390035006990C0 /* StringDeconstructor.m */; };
		95B5CA48203A70CE006990C0 /* ParserPackage.m in Sources */ = {isa = PBXBuildFile; fileRef = 95B5CA47203A70CE006990C0 /* ParserPackage.m */; };
/* End PBXBuildFile section */

/* Begin PBXCopyFilesBuildPhase section */
		955187502037AD4D004926D4 /* CopyFiles */ = {
			isa = PBXCopyFilesBuildPhase;
			buildActionMask = 2147483647;
			dstPath = /usr/share/man/man1/;
			dstSubfolderSpec = 0;
			files = (
			);
			runOnlyForDeploymentPostprocessing = 1;
		};
/* End PBXCopyFilesBuildPhase section */

/* Begin PBXFileReference section */
		955187522037AD4D004926D4 /* PigLatin */ = {isa = PBXFileReference; explicitFileType = "compiled.mach-o.executable"; includeInIndex = 0; path = PigLatin; sourceTree = BUILT_PRODUCTS_DIR; };
		955187552037AD4D004926D4 /* main.m */ = {isa = PBXFileReference; lastKnownFileType = sourcecode.c.objc; path = main.m; sourceTree = "<group>"; };
		95B5CA3D2038C96E006990C0 /* NSString+PigLatinizer.h */ = {isa = PBXFileReference; lastKnownFileType = sourcecode.c.h; path = "NSString+PigLatinizer.h"; sourceTree = "<group>"; };
		95B5CA3E2038C96E006990C0 /* NSString+PigLatinizer.m */ = {isa = PBXFileReference; lastKnownFileType = sourcecode.c.objc; path = "NSString+PigLatinizer.m"; sourceTree = "<group>"; };
		95B5CA4020390029006990C0 /* WordParser.h */ = {isa = PBXFileReference; lastKnownFileType = sourcecode.c.h; path = WordParser.h; sourceTree = "<group>"; };
		95B5CA4120390029006990C0 /* WordParser.m */ = {isa = PBXFileReference; lastKnownFileType = sourcecode.c.objc; path = WordParser.m; sourceTree = "<group>"; };
		95B5CA4320390035006990C0 /* StringDeconstructor.h */ = {isa = PBXFileReference; lastKnownFileType = sourcecode.c.h; path = StringDeconstructor.h; sourceTree = "<group>"; };
		95B5CA4420390035006990C0 /* StringDeconstructor.m */ = {isa = PBXFileReference; lastKnownFileType = sourcecode.c.objc; path = StringDeconstructor.m; sourceTree = "<group>"; };
		95B5CA46203A70CE006990C0 /* ParserPackage.h */ = {isa = PBXFileReference; lastKnownFileType = sourcecode.c.h; path = ParserPackage.h; sourceTree = "<group>"; };
		95B5CA47203A70CE006990C0 /* ParserPackage.m */ = {isa = PBXFileReference; lastKnownFileType = sourcecode.c.objc; path = ParserPackage.m; sourceTree = "<group>"; };
/* End PBXFileReference section */

/* Begin PBXFrameworksBuildPhase section */
		9551874F2037AD4D004926D4 /* Frameworks */ = {
			isa = PBXFrameworksBuildPhase;
			buildActionMask = 2147483647;
			files = (
			);
			runOnlyForDeploymentPostprocessing = 0;
		};
/* End PBXFrameworksBuildPhase section */

/* Begin PBXGroup section */
		955187492037AD4D004926D4 = {
			isa = PBXGroup;
			children = (
				955187542037AD4D004926D4 /* PigLatin */,
				955187532037AD4D004926D4 /* Products */,
			);
			sourceTree = "<group>";
		};
		955187532037AD4D004926D4 /* Products */ = {
			isa = PBXGroup;
			children = (
				955187522037AD4D004926D4 /* PigLatin */,
			);
			name = Products;
			sourceTree = "<group>";
		};
		955187542037AD4D004926D4 /* PigLatin */ = {
			isa = PBXGroup;
			children = (
				955187552037AD4D004926D4 /* main.m */,
				95B5CA4020390029006990C0 /* WordParser.h */,
				95B5CA4120390029006990C0 /* WordParser.m */,
				95B5CA4320390035006990C0 /* StringDeconstructor.h */,
				95B5CA4420390035006990C0 /* StringDeconstructor.m */,
				95B5CA46203A70CE006990C0 /* ParserPackage.h */,
				95B5CA47203A70CE006990C0 /* ParserPackage.m */,
				95B5CA3D2038C96E006990C0 /* NSString+PigLatinizer.h */,
				95B5CA3E2038C96E006990C0 /* NSString+PigLatinizer.m */,
			);
			path = PigLatin;
			sourceTree = "<group>";
		};
/* End PBXGroup section */

/* Begin PBXNativeTarget section */
		955187512037AD4D004926D4 /* PigLatin */ = {
			isa = PBXNativeTarget;
			buildConfigurationList = 955187592037AD4D004926D4 /* Build configuration list for PBXNativeTarget "PigLatin" */;
			buildPhases = (
				9551874E2037AD4D004926D4 /* Sources */,
				9551874F2037AD4D004926D4 /* Frameworks */,
				955187502037AD4D004926D4 /* CopyFiles */,
			);
			buildRules = (
			);
			dependencies = (
			);
			name = PigLatin;
			productName = PigLatin;
			productReference = 955187522037AD4D004926D4 /* PigLatin */;
			productType = "com.apple.product-type.tool";
		};
/* End PBXNativeTarget section */

/* Begin PBXProject section */
		9551874A2037AD4D004926D4 /* Project object */ = {
			isa = PBXProject;
			attributes = {
				LastUpgradeCheck = 0920;
				ORGANIZATIONNAME = "Christopher Eloranta";
				TargetAttributes = {
					955187512037AD4D004926D4 = {
						CreatedOnToolsVersion = 9.2;
						ProvisioningStyle = Automatic;
					};
				};
			};
			buildConfigurationList = 9551874D2037AD4D004926D4 /* Build configuration list for PBXProject "PigLatin" */;
			compatibilityVersion = "Xcode 8.0";
			developmentRegion = en;
			hasScannedForEncodings = 0;
			knownRegions = (
				en,
			);
			mainGroup = 955187492037AD4D004926D4;
			productRefGroup = 955187532037AD4D004926D4 /* Products */;
			projectDirPath = "";
			projectRoot = "";
			targets = (
				955187512037AD4D004926D4 /* PigLatin */,
			);
		};
/* End PBXProject section */

/* Begin PBXSourcesBuildPhase section */
		9551874E2037AD4D004926D4 /* Sources */ = {
			isa = PBXSourcesBuildPhase;
			buildActionMask = 2147483647;
			files = (
				95B5CA4220390029006990C0 /* WordParser.m in Sources */,
				95B5CA4520390035006990C0 /* StringDeconstructor.m in Sources */,
				95B5CA48203A70CE006990C0 /* ParserPackage.m in Sources */,
				955187562037AD4D004926D4 /* main.m in Sources */,
				95B5CA3F2038C96E006990C0 /* NSString+PigLatinizer.m in Sources */,
			);
			runOnlyForDeploymentPostprocessing = 0;
		};
/* End PBXSourcesBuildPhase section */

/* Begin XCBuildConfiguration section */
		955187572037AD4D004926D4 /* Debug */ = {
			isa = XCBuildConfiguration;
			buildSettings = {
				ALWAYS_SEARCH_USER_PATHS = NO;
				CLANG_ANALYZER_NONNULL = YES;
				CLANG_ANALYZER_NUMBER_OBJECT_CONVERSION = YES_AGGRESSIVE;
				CLANG_CXX_LANGUAGE_STANDARD = "gnu++14";
				CLANG_CXX_LIBRARY = "libc++";
				CLANG_ENABLE_MODULES = YES;
				CLANG_ENABLE_OBJC_ARC = YES;
				CLANG_WARN_BLOCK_CAPTURE_AUTORELEASING = YES;
				CLANG_WARN_BOOL_CONVERSION = YES;
				CLANG_WARN_COMMA = YES;
				CLANG_WARN_CONSTANT_CONVERSION = YES;
				CLANG_WARN_DIRECT_OBJC_ISA_USAGE = YES_ERROR;
				CLANG_WARN_DOCUMENTATION_COMMENTS = YES;
				CLANG_WARN_EMPTY_BODY = YES;
				CLANG_WARN_ENUM_CONVERSION = YES;
				CLANG_WARN_INFINITE_RECURSION = YES;
				CLANG_WARN_INT_CONVERSION = YES;
				CLANG_WARN_NON_LITERAL_NULL_CONVERSION = YES;
				CLANG_WARN_OBJC_LITERAL_CONVERSION = YES;
				CLANG_WARN_OBJC_ROOT_CLASS = YES_ERROR;
				CLANG_WARN_RANGE_LOOP_ANALYSIS = YES;
				CLANG_WARN_STRICT_PROTOTYPES = YES;
				CLANG_WARN_SUSPICIOUS_MOVE = YES;
				CLANG_WARN_UNGUARDED_AVAILABILITY = YES_AGGRESSIVE;
				CLANG_WARN_UNREACHABLE_CODE = YES;
				CLANG_WARN__DUPLICATE_METHOD_MATCH = YES;
				CODE_SIGN_IDENTITY = "Mac Developer";
				COPY_PHASE_STRIP = NO;
				DEBUG_INFORMATION_FORMAT = dwarf;
				ENABLE_STRICT_OBJC_MSGSEND = YES;
				ENABLE_TESTABILITY = YES;
				GCC_C_LANGUAGE_STANDARD = gnu11;
				GCC_DYNAMIC_NO_PIC = NO;
				GCC_NO_COMMON_BLOCKS = YES;
				GCC_OPTIMIZATION_LEVEL = 0;
				GCC_PREPROCESSOR_DEFINITIONS = (
					"DEBUG=1",
					"$(inherited)",
				);
				GCC_WARN_64_TO_32_BIT_CONVERSION = YES;
				GCC_WARN_ABOUT_RETURN_TYPE = YES_ERROR;
				GCC_WARN_UNDECLARED_SELECTOR = YES;
				GCC_WARN_UNINITIALIZED_AUTOS = YES_AGGRESSIVE;
				GCC_WARN_UNUSED_FUNCTION = YES;
				GCC_WARN_UNUSED_VARIABLE = YES;
				MACOSX_DEPLOYMENT_TARGET = 10.13;
				MTL_ENABLE_DEBUG_INFO = YES;
				ONLY_ACTIVE_ARCH = YES;
				SDKROOT = macosx;
			};
			name = Debug;
		};
		955187582037AD4D004926D4 /* Release */ = {
			isa = XCBuildConfiguration;
			buildSettings = {
				ALWAYS_SEARCH_USER_PATHS = NO;
				CLANG_ANALYZER_NONNULL = YES;
				CLANG_ANALYZER_NUMBER_OBJECT_CONVERSION = YES_AGGRESSIVE;
				CLANG_CXX_LANGUAGE_STANDARD = "gnu++14";
				CLANG_CXX_LIBRARY = "libc++";
				CLANG_ENABLE_MODULES = YES;
				CLANG_ENABLE_OBJC_ARC = YES;
				CLANG_WARN_BLOCK_CAPTURE_AUTORELEASING = YES;
				CLANG_WARN_BOOL_CONVERSION = YES;
				CLANG_WARN_COMMA = YES;
				CLANG_WARN_CONSTANT_CONVERSION = YES;
				CLANG_WARN_DIRECT_OBJC_ISA_USAGE = YES_ERROR;
				CLANG_WARN_DOCUMENTATION_COMMENTS = YES;
				CLANG_WARN_EMPTY_BODY = YES;
				CLANG_WARN_ENUM_CONVERSION = YES;
				CLANG_WARN_INFINITE_RECURSION = YES;
				CLANG_WARN_INT_CONVERSION = YES;
				CLANG_WARN_NON_LITERAL_NULL_CONVERSION = YES;
				CLANG_WARN_OBJC_LITERAL_CONVERSION = YES;
				CLANG_WARN_OBJC_ROOT_CLASS = YES_ERROR;
				CLANG_WARN_RANGE_LOOP_ANALYSIS = YES;
				CLANG_WARN_STRICT_PROTOTYPES = YES;
				CLANG_WARN_SUSPICIOUS_MOVE = YES;
				CLANG_WARN_UNGUARDED_AVAILABILITY = YES_AGGRESSIVE;
				CLANG_WARN_UNREACHABLE_CODE = YES;
				CLANG_WARN__DUPLICATE_METHOD_MATCH = YES;
				CODE_SIGN_IDENTITY = "Mac Developer";
				COPY_PHASE_STRIP = NO;
				DEBUG_INFORMATION_FORMAT = "dwarf-with-dsym";
				ENABLE_NS_ASSERTIONS = NO;
				ENABLE_STRICT_OBJC_MSGSEND = YES;
				GCC_C_LANGUAGE_STANDARD = gnu11;
				GCC_NO_COMMON_BLOCKS = YES;
				GCC_WARN_64_TO_32_BIT_CONVERSION = YES;
				GCC_WARN_ABOUT_RETURN_TYPE = YES_ERROR;
				GCC_WARN_UNDECLARED_SELECTOR = YES;
				GCC_WARN_UNINITIALIZED_AUTOS = YES_AGGRESSIVE;
				GCC_WARN_UNUSED_FUNCTION = YES;
				GCC_WARN_UNUSED_VARIABLE = YES;
				MACOSX_DEPLOYMENT_TARGET = 10.13;
				MTL_ENABLE_DEBUG_INFO = NO;
				SDKROOT = macosx;
			};
			name = Release;
		};
		9551875A2037AD4D004926D4 /* Debug */ = {
			isa = XCBuildConfiguration;
			buildSettings = {
				CODE_SIGN_STYLE = Automatic;
				DEVELOPMENT_TEAM = 4V94RGV9SC;
				PRODUCT_NAME = "$(TARGET_NAME)";
			};
			name = Debug;
		};
		9551875B2037AD4D004926D4 /* Release */ = {
			isa = XCBuildConfiguration;
			buildSettings = {
				CODE_SIGN_STYLE = Automatic;
				DEVELOPMENT_TEAM = 4V94RGV9SC;
				PRODUCT_NAME = "$(TARGET_NAME)";
			};
			name = Release;
		};
/* End XCBuildConfiguration section */

/* Begin XCConfigurationList section */
		9551874D2037AD4D004926D4 /* Build configuration list for PBXProject "PigLatin" */ = {
			isa = XCConfigurationList;
			buildConfigurations = (
				955187572037AD4D004926D4 /* Debug */,
				955187582037AD4D004926D4 /* Release */,
			);
			defaultConfigurationIsVisible = 0;
			defaultConfigurationName = Release;
		};
		955187592037AD4D004926D4 /* Build configuration list for PBXNativeTarget "PigLatin" */ = {
			isa = XCConfigurationList;
			buildConfigurations = (
				9551875A2037AD4D004926D4 /* Debug */,
				9551875B2037AD4D004926D4 /* Release */,
			);
			defaultConfigurationIsVisible = 0;
			defaultConfigurationName = Release;
		};
/* End XCConfigurationList section */
	};
	rootObject = 9551874A2037AD4D004926D4 /* Project object */;
}
